
Microsoft Visual Studio Solution File, Format Version 12.00
# Visual Studio Version 17
VisualStudioVersion = 17.8.34330.188
MinimumVisualStudioVersion = 10.0.40219.1
Project("{FAE04EC0-301F-11D3-BF4B-00C04F79EFBC}") = "WebAPI", "WebAPI\WebAPI.csproj", "{405ED307-06A5-40E6-99E2-83340262415B}"
EndProject
Project("{FAE04EC0-301F-11D3-BF4B-00C04F79EFBC}") = "Contracts", "Contracts\Contracts.csproj", "{A4363D11-65DB-4262-8D11-3C0A361CD4CD}"
EndProject
Project("{FAE04EC0-301F-11D3-BF4B-00C04F79EFBC}") = "Infrastructure", "Infrastructure\Infrastructure.csproj", "{CA9BC79F-38C1-44B8-8B49-CDD4B6898382}"
EndProject
Project("{FAE04EC0-301F-11D3-BF4B-00C04F79EFBC}") = "Application", "Application\Application.csproj", "{83FF2D28-B2F1-4167-A64B-6CB6F853132E}"
EndProject
Project("{FAE04EC0-301F-11D3-BF4B-00C04F79EFBC}") = "Domain", "Domain\Domain.csproj", "{C1E67F18-2080-4FAB-AA38-572014872C63}"
EndProject
Global
	GlobalSection(SolutionConfigurationPlatforms) = preSolution
		Debug|Any CPU = Debug|Any CPU
		Release|Any CPU = Release|Any CPU
	EndGlobalSection
	GlobalSection(ProjectConfigurationPlatforms) = postSolution
		{405ED307-06A5-40E6-99E2-83340262415B}.Debug|Any CPU.ActiveCfg = Debug|Any CPU
		{405ED307-06A5-40E6-99E2-83340262415B}.Debug|Any CPU.Build.0 = Debug|Any CPU
		{405ED307-06A5-40E6-99E2-83340262415B}.Release|Any CPU.ActiveCfg = Release|Any CPU
		{405ED307-06A5-40E6-99E2-83340262415B}.Release|Any CPU.Build.0 = Release|Any CPU
		{A4363D11-65DB-4262-8D11-3C0A361CD4CD}.Debug|Any CPU.ActiveCfg = Debug|Any CPU
		{A4363D11-65DB-4262-8D11-3C0A361CD4CD}.Debug|Any CPU.Build.0 = Debug|Any CPU
		{A4363D11-65DB-4262-8D11-3C0A361CD4CD}.Release|Any CPU.ActiveCfg = Release|Any CPU
		{A4363D11-65DB-4262-8D11-3C0A361CD4CD}.Release|Any CPU.Build.0 = Release|Any CPU
		{CA9BC79F-38C1-44B8-8B49-CDD4B6898382}.Debug|Any CPU.ActiveCfg = Debug|Any CPU
		{CA9BC79F-38C1-44B8-8B49-CDD4B6898382}.Debug|Any CPU.Build.0 = Debug|Any CPU
		{CA9BC79F-38C1-44B8-8B49-CDD4B6898382}.Release|Any CPU.ActiveCfg = Release|Any CPU
		{CA9BC79F-38C1-44B8-8B49-CDD4B6898382}.Release|Any CPU.Build.0 = Release|Any CPU
		{83FF2D28-B2F1-4167-A64B-6CB6F853132E}.Debug|Any CPU.ActiveCfg = Debug|Any CPU
		{83FF2D28-B2F1-4167-A64B-6CB6F853132E}.Debug|Any CPU.Build.0 = Debug|Any CPU
		{83FF2D28-B2F1-4167-A64B-6CB6F853132E}.Release|Any CPU.ActiveCfg = Release|Any CPU
		{83FF2D28-B2F1-4167-A64B-6CB6F853132E}.Release|Any CPU.Build.0 = Release|Any CPU
		{C1E67F18-2080-4FAB-AA38-572014872C63}.Debug|Any CPU.ActiveCfg = Debug|Any CPU
		{C1E67F18-2080-4FAB-AA38-572014872C63}.Debug|Any CPU.Build.0 = Debug|Any CPU
		{C1E67F18-2080-4FAB-AA38-572014872C63}.Release|Any CPU.ActiveCfg = Release|Any CPU
		{C1E67F18-2080-4FAB-AA38-572014872C63}.Release|Any CPU.Build.0 = Release|Any CPU
	EndGlobalSection
	GlobalSection(SolutionProperties) = preSolution
		HideSolutionNode = FALSE
	EndGlobalSection
	GlobalSection(ExtensibilityGlobals) = postSolution
		SolutionGuid = {37761695-F0B8-47E5-B918-79F3E03D8D69}
	EndGlobalSection
EndGlobal
